
Microsoft Visual Studio Solution File, Format Version 12.00
# Visual Studio Version 17
VisualStudioVersion = 17.5.002.0
MinimumVisualStudioVersion = 10.0.40219.1
Project("{9A19103F-16F7-4668-BE54-9A1E7A4F7556}") = "EntregaSQL", "EntregaSQL.csproj", "{F11FD098-DB9C-4B4F-8289-59CC8668857E}"
EndProject
Global
	GlobalSection(SolutionConfigurationPlatforms) = preSolution
		Debug|Any CPU = Debug|Any CPU
		Release|Any CPU = Release|Any CPU
	EndGlobalSection
	GlobalSection(ProjectConfigurationPlatforms) = postSolution
		{F11FD098-DB9C-4B4F-8289-59CC8668857E}.Debug|Any CPU.ActiveCfg = Debug|Any CPU
		{F11FD098-DB9C-4B4F-8289-59CC8668857E}.Debug|Any CPU.Build.0 = Debug|Any CPU
		{F11FD098-DB9C-4B4F-8289-59CC8668857E}.Release|Any CPU.ActiveCfg = Release|Any CPU
		{F11FD098-DB9C-4B4F-8289-59CC8668857E}.Release|Any CPU.Build.0 = Release|Any CPU
	EndGlobalSection
	GlobalSection(SolutionProperties) = preSolution
		HideSolutionNode = FALSE
	EndGlobalSection
	GlobalSection(ExtensibilityGlobals) = postSolution
		SolutionGuid = {BBD96C78-B685-405D-9ACA-3485ECDB64C1}
	EndGlobalSection
EndGlobal
